// !$*UTF8*$!
{
	archiveVersion = 1;
	classes = {
	};
	objectVersion = 50;
	objects = {

/* Begin PBXBuildFile section */
		9402F39020B5D7490011E324 /* AppDelegate.swift in Sources */ = {isa = PBXBuildFile; fileRef = 9402F38F20B5D7490011E324 /* AppDelegate.swift */; };
		9402F39220B5D7490011E324 /* ViewController.swift in Sources */ = {isa = PBXBuildFile; fileRef = 9402F39120B5D7490011E324 /* ViewController.swift */; };
		9402F39420B5D74D0011E324 /* Assets.xcassets in Resources */ = {isa = PBXBuildFile; fileRef = 9402F39320B5D74D0011E324 /* Assets.xcassets */; };
		9402F39720B5D74D0011E324 /* Main.storyboard in Resources */ = {isa = PBXBuildFile; fileRef = 9402F39520B5D74D0011E324 /* Main.storyboard */; };
		9402F3A020BB218C0011E324 /* FileProcessor.swift in Sources */ = {isa = PBXBuildFile; fileRef = 9402F39F20BB218C0011E324 /* FileProcessor.swift */; };
		9402F3A420BD544E0011E324 /* GraphUnits.swift in Sources */ = {isa = PBXBuildFile; fileRef = 9402F3A320BD544E0011E324 /* GraphUnits.swift */; };
/* End PBXBuildFile section */

/* Begin PBXFileReference section */
		9402F38C20B5D7480011E324 /* Noder.app */ = {isa = PBXFileReference; explicitFileType = wrapper.application; includeInIndex = 0; path = Noder.app; sourceTree = BUILT_PRODUCTS_DIR; };
		9402F38F20B5D7490011E324 /* AppDelegate.swift */ = {isa = PBXFileReference; lastKnownFileType = sourcecode.swift; path = AppDelegate.swift; sourceTree = "<group>"; };
		9402F39120B5D7490011E324 /* ViewController.swift */ = {isa = PBXFileReference; lastKnownFileType = sourcecode.swift; path = ViewController.swift; sourceTree = "<group>"; };
		9402F39320B5D74D0011E324 /* Assets.xcassets */ = {isa = PBXFileReference; lastKnownFileType = folder.assetcatalog; path = Assets.xcassets; sourceTree = "<group>"; };
		9402F39620B5D74D0011E324 /* Base */ = {isa = PBXFileReference; lastKnownFileType = file.storyboard; name = Base; path = Base.lproj/Main.storyboard; sourceTree = "<group>"; };
		9402F39820B5D74D0011E324 /* Info.plist */ = {isa = PBXFileReference; lastKnownFileType = text.plist.xml; path = Info.plist; sourceTree = "<group>"; };
		9402F39920B5D74D0011E324 /* Noder.entitlements */ = {isa = PBXFileReference; lastKnownFileType = text.plist.entitlements; path = Noder.entitlements; sourceTree = "<group>"; };
		9402F39F20BB218C0011E324 /* FileProcessor.swift */ = {isa = PBXFileReference; lastKnownFileType = sourcecode.swift; path = FileProcessor.swift; sourceTree = "<group>"; };
		9402F3A320BD544E0011E324 /* GraphUnits.swift */ = {isa = PBXFileReference; fileEncoding = 4; lastKnownFileType = sourcecode.swift; name = GraphUnits.swift; path = ../../NavETU/NavETU/Model/GraphUnits.swift; sourceTree = "<group>"; };
/* End PBXFileReference section */

/* Begin PBXFrameworksBuildPhase section */
		9402F38920B5D7480011E324 /* Frameworks */ = {
			isa = PBXFrameworksBuildPhase;
			buildActionMask = 2147483647;
			files = (
			);
			runOnlyForDeploymentPostprocessing = 0;
		};
/* End PBXFrameworksBuildPhase section */

/* Begin PBXGroup section */
		9402F38320B5D7480011E324 = {
			isa = PBXGroup;
			children = (
				9402F38E20B5D7480011E324 /* Noder */,
				9402F38D20B5D7480011E324 /* Products */,
			);
			sourceTree = "<group>";
		};
		9402F38D20B5D7480011E324 /* Products */ = {
			isa = PBXGroup;
			children = (
				9402F38C20B5D7480011E324 /* Noder.app */,
			);
			name = Products;
			sourceTree = "<group>";
		};
		9402F38E20B5D7480011E324 /* Noder */ = {
			isa = PBXGroup;
			children = (
				9402F3A320BD544E0011E324 /* GraphUnits.swift */,
				9402F38F20B5D7490011E324 /* AppDelegate.swift */,
				9402F39120B5D7490011E324 /* ViewController.swift */,
				9402F39320B5D74D0011E324 /* Assets.xcassets */,
				9402F39520B5D74D0011E324 /* Main.storyboard */,
				9402F39820B5D74D0011E324 /* Info.plist */,
				9402F39920B5D74D0011E324 /* Noder.entitlements */,
				9402F39F20BB218C0011E324 /* FileProcessor.swift */,
			);
			path = Noder;
			sourceTree = "<group>";
		};
/* End PBXGroup section */

/* Begin PBXNativeTarget section */
		9402F38B20B5D7480011E324 /* Noder */ = {
			isa = PBXNativeTarget;
			buildConfigurationList = 9402F39C20B5D74D0011E324 /* Build configuration list for PBXNativeTarget "Noder" */;
			buildPhases = (
				9402F38820B5D7480011E324 /* Sources */,
				9402F38920B5D7480011E324 /* Frameworks */,
				9402F38A20B5D7480011E324 /* Resources */,
			);
			buildRules = (
			);
			dependencies = (
			);
			name = Noder;
			productName = Noder;
			productReference = 9402F38C20B5D7480011E324 /* Noder.app */;
			productType = "com.apple.product-type.application";
		};
/* End PBXNativeTarget section */

/* Begin PBXProject section */
		9402F38420B5D7480011E324 /* Project object */ = {
			isa = PBXProject;
			attributes = {
				LastSwiftUpdateCheck = 0930;
				LastUpgradeCheck = 0930;
				ORGANIZATIONNAME = "Екатерина Рыжова";
				TargetAttributes = {
					9402F38B20B5D7480011E324 = {
						CreatedOnToolsVersion = 9.3;
					};
				};
			};
			buildConfigurationList = 9402F38720B5D7480011E324 /* Build configuration list for PBXProject "Noder" */;
			compatibilityVersion = "Xcode 9.3";
			developmentRegion = en;
			hasScannedForEncodings = 0;
			knownRegions = (
				en,
				Base,
			);
			mainGroup = 9402F38320B5D7480011E324;
			productRefGroup = 9402F38D20B5D7480011E324 /* Products */;
			projectDirPath = "";
			projectRoot = "";
			targets = (
				9402F38B20B5D7480011E324 /* Noder */,
			);
		};
/* End PBXProject section */

/* Begin PBXResourcesBuildPhase section */
		9402F38A20B5D7480011E324 /* Resources */ = {
			isa = PBXResourcesBuildPhase;
			buildActionMask = 2147483647;
			files = (
				9402F39420B5D74D0011E324 /* Assets.xcassets in Resources */,
				9402F39720B5D74D0011E324 /* Main.storyboard in Resources */,
			);
			runOnlyForDeploymentPostprocessing = 0;
		};
/* End PBXResourcesBuildPhase section */

/* Begin PBXSourcesBuildPhase section */
		9402F38820B5D7480011E324 /* Sources */ = {
			isa = PBXSourcesBuildPhase;
			buildActionMask = 2147483647;
			files = (
				9402F3A420BD544E0011E324 /* GraphUnits.swift in Sources */,
				9402F39220B5D7490011E324 /* ViewController.swift in Sources */,
				9402F3A020BB218C0011E324 /* FileProcessor.swift in Sources */,
				9402F39020B5D7490011E324 /* AppDelegate.swift in Sources */,
			);
			runOnlyForDeploymentPostprocessing = 0;
		};
/* End PBXSourcesBuildPhase section */

/* Begin PBXVariantGroup section */
		9402F39520B5D74D0011E324 /* Main.storyboard */ = {
			isa = PBXVariantGroup;
			children = (
				9402F39620B5D74D0011E324 /* Base */,
			);
			name = Main.storyboard;
			sourceTree = "<group>";
		};
/* End PBXVariantGroup section */

/* Begin XCBuildConfiguration section */
		9402F39A20B5D74D0011E324 /* Debug */ = {
			isa = XCBuildConfiguration;
			buildSettings = {
				ALWAYS_SEARCH_USER_PATHS = NO;
				CLANG_ANALYZER_NONNULL = YES;
				CLANG_ANALYZER_NUMBER_OBJECT_CONVERSION = YES_AGGRESSIVE;
				CLANG_CXX_LANGUAGE_STANDARD = "gnu++14";
				CLANG_CXX_LIBRARY = "libc++";
				CLANG_ENABLE_MODULES = YES;
				CLANG_ENABLE_OBJC_ARC = YES;
				CLANG_ENABLE_OBJC_WEAK = YES;
				CLANG_WARN_BLOCK_CAPTURE_AUTORELEASING = YES;
				CLANG_WARN_BOOL_CONVERSION = YES;
				CLANG_WARN_COMMA = YES;
				CLANG_WARN_CONSTANT_CONVERSION = YES;
				CLANG_WARN_DEPRECATED_OBJC_IMPLEMENTATIONS = YES;
				CLANG_WARN_DIRECT_OBJC_ISA_USAGE = YES_ERROR;
				CLANG_WARN_DOCUMENTATION_COMMENTS = YES;
				CLANG_WARN_EMPTY_BODY = YES;
				CLANG_WARN_ENUM_CONVERSION = YES;
				CLANG_WARN_INFINITE_RECURSION = YES;
				CLANG_WARN_INT_CONVERSION = YES;
				CLANG_WARN_NON_LITERAL_NULL_CONVERSION = YES;
				CLANG_WARN_OBJC_IMPLICIT_RETAIN_SELF = YES;
				CLANG_WARN_OBJC_LITERAL_CONVERSION = YES;
				CLANG_WARN_OBJC_ROOT_CLASS = YES_ERROR;
				CLANG_WARN_RANGE_LOOP_ANALYSIS = YES;
				CLANG_WARN_STRICT_PROTOTYPES = YES;
				CLANG_WARN_SUSPICIOUS_MOVE = YES;
				CLANG_WARN_UNGUARDED_AVAILABILITY = YES_AGGRESSIVE;
				CLANG_WARN_UNREACHABLE_CODE = YES;
				CLANG_WARN__DUPLICATE_METHOD_MATCH = YES;
				CODE_SIGN_IDENTITY = "-";
				COPY_PHASE_STRIP = NO;
				DEBUG_INFORMATION_FORMAT = dwarf;
				ENABLE_STRICT_OBJC_MSGSEND = YES;
				ENABLE_TESTABILITY = YES;
				GCC_C_LANGUAGE_STANDARD = gnu11;
				GCC_DYNAMIC_NO_PIC = NO;
				GCC_NO_COMMON_BLOCKS = YES;
				GCC_OPTIMIZATION_LEVEL = 0;
				GCC_PREPROCESSOR_DEFINITIONS = (
					"DEBUG=1",
					"$(inherited)",
				);
				GCC_WARN_64_TO_32_BIT_CONVERSION = YES;
				GCC_WARN_ABOUT_RETURN_TYPE = YES_ERROR;
				GCC_WARN_UNDECLARED_SELECTOR = YES;
				GCC_WARN_UNINITIALIZED_AUTOS = YES_AGGRESSIVE;
				GCC_WARN_UNUSED_FUNCTION = YES;
				GCC_WARN_UNUSED_VARIABLE = YES;
				MACOSX_DEPLOYMENT_TARGET = 10.13;
				MTL_ENABLE_DEBUG_INFO = YES;
				ONLY_ACTIVE_ARCH = YES;
				SDKROOT = macosx;
				SWIFT_ACTIVE_COMPILATION_CONDITIONS = DEBUG;
				SWIFT_OPTIMIZATION_LEVEL = "-Onone";
			};
			name = Debug;
		};
		9402F39B20B5D74D0011E324 /* Release */ = {
			isa = XCBuildConfiguration;
			buildSettings = {
				ALWAYS_SEARCH_USER_PATHS = NO;
				CLANG_ANALYZER_NONNULL = YES;
				CLANG_ANALYZER_NUMBER_OBJECT_CONVERSION = YES_AGGRESSIVE;
				CLANG_CXX_LANGUAGE_STANDARD = "gnu++14";
				CLANG_CXX_LIBRARY = "libc++";
				CLANG_ENABLE_MODULES = YES;
				CLANG_ENABLE_OBJC_ARC = YES;
				CLANG_ENABLE_OBJC_WEAK = YES;
				CLANG_WARN_BLOCK_CAPTURE_AUTORELEASING = YES;
				CLANG_WARN_BOOL_CONVERSION = YES;
				CLANG_WARN_COMMA = YES;
				CLANG_WARN_CONSTANT_CONVERSION = YES;
				CLANG_WARN_DEPRECATED_OBJC_IMPLEMENTATIONS = YES;
				CLANG_WARN_DIRECT_OBJC_ISA_USAGE = YES_ERROR;
				CLANG_WARN_DOCUMENTATION_COMMENTS = YES;
				CLANG_WARN_EMPTY_BODY = YES;
				CLANG_WARN_ENUM_CONVERSION = YES;
				CLANG_WARN_INFINITE_RECURSION = YES;
				CLANG_WARN_INT_CONVERSION = YES;
				CLANG_WARN_NON_LITERAL_NULL_CONVERSION = YES;
				CLANG_WARN_OBJC_IMPLICIT_RETAIN_SELF = YES;
				CLANG_WARN_OBJC_LITERAL_CONVERSION = YES;
				CLANG_WARN_OBJC_ROOT_CLASS = YES_ERROR;
				CLANG_WARN_RANGE_LOOP_ANALYSIS = YES;
				CLANG_WARN_STRICT_PROTOTYPES = YES;
				CLANG_WARN_SUSPICIOUS_MOVE = YES;
				CLANG_WARN_UNGUARDED_AVAILABILITY = YES_AGGRESSIVE;
				CLANG_WARN_UNREACHABLE_CODE = YES;
				CLANG_WARN__DUPLICATE_METHOD_MATCH = YES;
				CODE_SIGN_IDENTITY = "-";
				COPY_PHASE_STRIP = NO;
				DEBUG_INFORMATION_FORMAT = "dwarf-with-dsym";
				ENABLE_NS_ASSERTIONS = NO;
				ENABLE_STRICT_OBJC_MSGSEND = YES;
				GCC_C_LANGUAGE_STANDARD = gnu11;
				GCC_NO_COMMON_BLOCKS = YES;
				GCC_WARN_64_TO_32_BIT_CONVERSION = YES;
				GCC_WARN_ABOUT_RETURN_TYPE = YES_ERROR;
				GCC_WARN_UNDECLARED_SELECTOR = YES;
				GCC_WARN_UNINITIALIZED_AUTOS = YES_AGGRESSIVE;
				GCC_WARN_UNUSED_FUNCTION = YES;
				GCC_WARN_UNUSED_VARIABLE = YES;
				MACOSX_DEPLOYMENT_TARGET = 10.13;
				MTL_ENABLE_DEBUG_INFO = NO;
				SDKROOT = macosx;
				SWIFT_COMPILATION_MODE = wholemodule;
				SWIFT_OPTIMIZATION_LEVEL = "-O";
			};
			name = Release;
		};
		9402F39D20B5D74D0011E324 /* Debug */ = {
			isa = XCBuildConfiguration;
			buildSettings = {
				ASSETCATALOG_COMPILER_APPICON_NAME = AppIcon;
				CODE_SIGN_ENTITLEMENTS = Noder/Noder.entitlements;
				CODE_SIGN_STYLE = Automatic;
				COMBINE_HIDPI_IMAGES = YES;
				INFOPLIST_FILE = Noder/Info.plist;
				LD_RUNPATH_SEARCH_PATHS = (
					"$(inherited)",
					"@executable_path/../Frameworks",
				);
				PRODUCT_BUNDLE_IDENTIFIER = ru.0w1.Noder;
				PRODUCT_NAME = "$(TARGET_NAME)";
				SWIFT_VERSION = 4.0;
			};
			name = Debug;
		};
		9402F39E20B5D74D0011E324 /* Release */ = {
			isa = XCBuildConfiguration;
			buildSettings = {
				ASSETCATALOG_COMPILER_APPICON_NAME = AppIcon;
				CODE_SIGN_ENTITLEMENTS = Noder/Noder.entitlements;
				CODE_SIGN_STYLE = Automatic;
				COMBINE_HIDPI_IMAGES = YES;
				INFOPLIST_FILE = Noder/Info.plist;
				LD_RUNPATH_SEARCH_PATHS = (
					"$(inherited)",
					"@executable_path/../Frameworks",
				);
				PRODUCT_BUNDLE_IDENTIFIER = ru.0w1.Noder;
				PRODUCT_NAME = "$(TARGET_NAME)";
				SWIFT_VERSION = 4.0;
			};
			name = Release;
		};
/* End XCBuildConfiguration section */

/* Begin XCConfigurationList section */
		9402F38720B5D7480011E324 /* Build configuration list for PBXProject "Noder" */ = {
			isa = XCConfigurationList;
			buildConfigurations = (
				9402F39A20B5D74D0011E324 /* Debug */,
				9402F39B20B5D74D0011E324 /* Release */,
			);
			defaultConfigurationIsVisible = 0;
			defaultConfigurationName = Release;
		};
		9402F39C20B5D74D0011E324 /* Build configuration list for PBXNativeTarget "Noder" */ = {
			isa = XCConfigurationList;
			buildConfigurations = (
				9402F39D20B5D74D0011E324 /* Debug */,
				9402F39E20B5D74D0011E324 /* Release */,
			);
			defaultConfigurationIsVisible = 0;
			defaultConfigurationName = Release;
		};
/* End XCConfigurationList section */
	};
	rootObject = 9402F38420B5D7480011E324 /* Project object */;
}
